// !$*UTF8*$!
{
	archiveVersion = 1;
	classes = {
	};
	objectVersion = 48;
	objects = {

/* Begin PBXBuildFile section */
		381105A8206117B000F2F3E2 /* AppDelegate.swift in Sources */ = {isa = PBXBuildFile; fileRef = 381105A7206117B000F2F3E2 /* AppDelegate.swift */; };
		381105AF206117B000F2F3E2 /* Assets.xcassets in Resources */ = {isa = PBXBuildFile; fileRef = 381105AE206117B000F2F3E2 /* Assets.xcassets */; };
		381105B2206117B000F2F3E2 /* LaunchScreen.storyboard in Resources */ = {isa = PBXBuildFile; fileRef = 381105B0206117B000F2F3E2 /* LaunchScreen.storyboard */; };
		381105BD206117B000F2F3E2 /* SwiftCamMobileTests.swift in Sources */ = {isa = PBXBuildFile; fileRef = 381105BC206117B000F2F3E2 /* SwiftCamMobileTests.swift */; };
		381105C8206117B000F2F3E2 /* SwiftCamMobileUITests.swift in Sources */ = {isa = PBXBuildFile; fileRef = 381105C7206117B000F2F3E2 /* SwiftCamMobileUITests.swift */; };
		381105D72061185F00F2F3E2 /* CameraViewController.swift in Sources */ = {isa = PBXBuildFile; fileRef = 381105D62061185F00F2F3E2 /* CameraViewController.swift */; };
		381105DA2061187B00F2F3E2 /* UIView+Extensions.swift in Sources */ = {isa = PBXBuildFile; fileRef = 381105D92061187B00F2F3E2 /* UIView+Extensions.swift */; };
		381105DD206118B100F2F3E2 /* RotaryWheelControl.swift in Sources */ = {isa = PBXBuildFile; fileRef = 381105DC206118B100F2F3E2 /* RotaryWheelControl.swift */; };
		381105DF206118DD00F2F3E2 /* LensRingControl.swift in Sources */ = {isa = PBXBuildFile; fileRef = 381105DE206118DD00F2F3E2 /* LensRingControl.swift */; };
		381B6C8220617680009858DF /* CameraSettingsView.swift in Sources */ = {isa = PBXBuildFile; fileRef = 381B6C8120617680009858DF /* CameraSettingsView.swift */; };
		381B6C8420617699009858DF /* MacbookView.swift in Sources */ = {isa = PBXBuildFile; fileRef = 381B6C8320617699009858DF /* MacbookView.swift */; };
		387B5D9F2066C9730037D692 /* CameraScreenView.swift in Sources */ = {isa = PBXBuildFile; fileRef = 387B5D9E2066C9730037D692 /* CameraScreenView.swift */; };
		387B5DA12066CE520037D692 /* UIImageView+Blur.swift in Sources */ = {isa = PBXBuildFile; fileRef = 387B5DA02066CE520037D692 /* UIImageView+Blur.swift */; };
		387B5DA52066D6E00037D692 /* ApetureModel.swift in Sources */ = {isa = PBXBuildFile; fileRef = 387B5DA42066D6E00037D692 /* ApetureModel.swift */; };
		387B5DA72066D6E90037D692 /* ShutterSpeedModel.swift in Sources */ = {isa = PBXBuildFile; fileRef = 387B5DA62066D6E90037D692 /* ShutterSpeedModel.swift */; };
		387B5DA92066D8560037D692 /* CameraSettingsModel.swift in Sources */ = {isa = PBXBuildFile; fileRef = 387B5DA82066D8560037D692 /* CameraSettingsModel.swift */; };
		387B5DAC2066D97C0037D692 /* CameraParameterProtocol.swift in Sources */ = {isa = PBXBuildFile; fileRef = 387B5DAB2066D97C0037D692 /* CameraParameterProtocol.swift */; };
		387B5DAE2066E0F10037D692 /* UImageView+Exposure.swift in Sources */ = {isa = PBXBuildFile; fileRef = 387B5DAD2066E0F10037D692 /* UImageView+Exposure.swift */; };
/* End PBXBuildFile section */

/* Begin PBXContainerItemProxy section */
		381105B9206117B000F2F3E2 /* PBXContainerItemProxy */ = {
			isa = PBXContainerItemProxy;
			containerPortal = 3811059C206117B000F2F3E2 /* Project object */;
			proxyType = 1;
			remoteGlobalIDString = 381105A3206117B000F2F3E2;
			remoteInfo = SwiftCamMobile;
		};
		381105C4206117B000F2F3E2 /* PBXContainerItemProxy */ = {
			isa = PBXContainerItemProxy;
			containerPortal = 3811059C206117B000F2F3E2 /* Project object */;
			proxyType = 1;
			remoteGlobalIDString = 381105A3206117B000F2F3E2;
			remoteInfo = SwiftCamMobile;
		};
/* End PBXContainerItemProxy section */

/* Begin PBXFileReference section */
		381105A4206117B000F2F3E2 /* SwiftCamMobile.app */ = {isa = PBXFileReference; explicitFileType = wrapper.application; includeInIndex = 0; path = SwiftCamMobile.app; sourceTree = BUILT_PRODUCTS_DIR; };
		381105A7206117B000F2F3E2 /* AppDelegate.swift */ = {isa = PBXFileReference; lastKnownFileType = sourcecode.swift; path = AppDelegate.swift; sourceTree = "<group>"; };
		381105AE206117B000F2F3E2 /* Assets.xcassets */ = {isa = PBXFileReference; lastKnownFileType = folder.assetcatalog; path = Assets.xcassets; sourceTree = "<group>"; };
		381105B1206117B000F2F3E2 /* Base */ = {isa = PBXFileReference; lastKnownFileType = file.storyboard; name = Base; path = Base.lproj/LaunchScreen.storyboard; sourceTree = "<group>"; };
		381105B3206117B000F2F3E2 /* Info.plist */ = {isa = PBXFileReference; lastKnownFileType = text.plist.xml; path = Info.plist; sourceTree = "<group>"; };
		381105B8206117B000F2F3E2 /* SwiftCamMobileTests.xctest */ = {isa = PBXFileReference; explicitFileType = wrapper.cfbundle; includeInIndex = 0; path = SwiftCamMobileTests.xctest; sourceTree = BUILT_PRODUCTS_DIR; };
		381105BC206117B000F2F3E2 /* SwiftCamMobileTests.swift */ = {isa = PBXFileReference; lastKnownFileType = sourcecode.swift; path = SwiftCamMobileTests.swift; sourceTree = "<group>"; };
		381105BE206117B000F2F3E2 /* Info.plist */ = {isa = PBXFileReference; lastKnownFileType = text.plist.xml; path = Info.plist; sourceTree = "<group>"; };
		381105C3206117B000F2F3E2 /* SwiftCamMobileUITests.xctest */ = {isa = PBXFileReference; explicitFileType = wrapper.cfbundle; includeInIndex = 0; path = SwiftCamMobileUITests.xctest; sourceTree = BUILT_PRODUCTS_DIR; };
		381105C7206117B000F2F3E2 /* SwiftCamMobileUITests.swift */ = {isa = PBXFileReference; lastKnownFileType = sourcecode.swift; path = SwiftCamMobileUITests.swift; sourceTree = "<group>"; };
		381105C9206117B000F2F3E2 /* Info.plist */ = {isa = PBXFileReference; lastKnownFileType = text.plist.xml; path = Info.plist; sourceTree = "<group>"; };
		381105D62061185F00F2F3E2 /* CameraViewController.swift */ = {isa = PBXFileReference; lastKnownFileType = sourcecode.swift; path = CameraViewController.swift; sourceTree = "<group>"; };
		381105D92061187B00F2F3E2 /* UIView+Extensions.swift */ = {isa = PBXFileReference; lastKnownFileType = sourcecode.swift; path = "UIView+Extensions.swift"; sourceTree = "<group>"; };
		381105DC206118B100F2F3E2 /* RotaryWheelControl.swift */ = {isa = PBXFileReference; lastKnownFileType = sourcecode.swift; path = RotaryWheelControl.swift; sourceTree = "<group>"; };
		381105DE206118DD00F2F3E2 /* LensRingControl.swift */ = {isa = PBXFileReference; lastKnownFileType = sourcecode.swift; path = LensRingControl.swift; sourceTree = "<group>"; };
		381B6C8120617680009858DF /* CameraSettingsView.swift */ = {isa = PBXFileReference; lastKnownFileType = sourcecode.swift; path = CameraSettingsView.swift; sourceTree = "<group>"; };
		381B6C8320617699009858DF /* MacbookView.swift */ = {isa = PBXFileReference; lastKnownFileType = sourcecode.swift; path = MacbookView.swift; sourceTree = "<group>"; };
		387B5D9E2066C9730037D692 /* CameraScreenView.swift */ = {isa = PBXFileReference; lastKnownFileType = sourcecode.swift; path = CameraScreenView.swift; sourceTree = "<group>"; };
		387B5DA02066CE520037D692 /* UIImageView+Blur.swift */ = {isa = PBXFileReference; lastKnownFileType = sourcecode.swift; path = "UIImageView+Blur.swift"; sourceTree = "<group>"; };
		387B5DA42066D6E00037D692 /* ApetureModel.swift */ = {isa = PBXFileReference; lastKnownFileType = sourcecode.swift; path = ApetureModel.swift; sourceTree = "<group>"; };
		387B5DA62066D6E90037D692 /* ShutterSpeedModel.swift */ = {isa = PBXFileReference; lastKnownFileType = sourcecode.swift; path = ShutterSpeedModel.swift; sourceTree = "<group>"; };
		387B5DA82066D8560037D692 /* CameraSettingsModel.swift */ = {isa = PBXFileReference; lastKnownFileType = sourcecode.swift; path = CameraSettingsModel.swift; sourceTree = "<group>"; };
		387B5DAB2066D97C0037D692 /* CameraParameterProtocol.swift */ = {isa = PBXFileReference; lastKnownFileType = sourcecode.swift; path = CameraParameterProtocol.swift; sourceTree = "<group>"; };
		387B5DAD2066E0F10037D692 /* UImageView+Exposure.swift */ = {isa = PBXFileReference; lastKnownFileType = sourcecode.swift; path = "UImageView+Exposure.swift"; sourceTree = "<group>"; };
/* End PBXFileReference section */

/* Begin PBXFrameworksBuildPhase section */
		381105A1206117B000F2F3E2 /* Frameworks */ = {
			isa = PBXFrameworksBuildPhase;
			buildActionMask = 2147483647;
			files = (
			);
			runOnlyForDeploymentPostprocessing = 0;
		};
		381105B5206117B000F2F3E2 /* Frameworks */ = {
			isa = PBXFrameworksBuildPhase;
			buildActionMask = 2147483647;
			files = (
			);
			runOnlyForDeploymentPostprocessing = 0;
		};
		381105C0206117B000F2F3E2 /* Frameworks */ = {
			isa = PBXFrameworksBuildPhase;
			buildActionMask = 2147483647;
			files = (
			);
			runOnlyForDeploymentPostprocessing = 0;
		};
/* End PBXFrameworksBuildPhase section */

/* Begin PBXGroup section */
		3811059B206117B000F2F3E2 = {
			isa = PBXGroup;
			children = (
				381105A6206117B000F2F3E2 /* SwiftCamMobile */,
				381105BB206117B000F2F3E2 /* SwiftCamMobileTests */,
				381105C6206117B000F2F3E2 /* SwiftCamMobileUITests */,
				381105A5206117B000F2F3E2 /* Products */,
			);
			sourceTree = "<group>";
		};
		381105A5206117B000F2F3E2 /* Products */ = {
			isa = PBXGroup;
			children = (
				381105A4206117B000F2F3E2 /* SwiftCamMobile.app */,
				381105B8206117B000F2F3E2 /* SwiftCamMobileTests.xctest */,
				381105C3206117B000F2F3E2 /* SwiftCamMobileUITests.xctest */,
			);
			name = Products;
			sourceTree = "<group>";
		};
		381105A6206117B000F2F3E2 /* SwiftCamMobile */ = {
			isa = PBXGroup;
			children = (
				387B5DAA2066D8EC0037D692 /* Protocols */,
				387B5DA32066D6D20037D692 /* Model */,
				381B6C8020617659009858DF /* Views */,
				381105DB2061188000F2F3E2 /* Controls */,
				381105D82061186900F2F3E2 /* Helpers */,
				381105D52061184B00F2F3E2 /* ViewControllers */,
				381105A7206117B000F2F3E2 /* AppDelegate.swift */,
				381105AE206117B000F2F3E2 /* Assets.xcassets */,
				381105B0206117B000F2F3E2 /* LaunchScreen.storyboard */,
				381105B3206117B000F2F3E2 /* Info.plist */,
			);
			path = SwiftCamMobile;
			sourceTree = "<group>";
		};
		381105BB206117B000F2F3E2 /* SwiftCamMobileTests */ = {
			isa = PBXGroup;
			children = (
				381105BC206117B000F2F3E2 /* SwiftCamMobileTests.swift */,
				381105BE206117B000F2F3E2 /* Info.plist */,
			);
			path = SwiftCamMobileTests;
			sourceTree = "<group>";
		};
		381105C6206117B000F2F3E2 /* SwiftCamMobileUITests */ = {
			isa = PBXGroup;
			children = (
				381105C7206117B000F2F3E2 /* SwiftCamMobileUITests.swift */,
				381105C9206117B000F2F3E2 /* Info.plist */,
			);
			path = SwiftCamMobileUITests;
			sourceTree = "<group>";
		};
		381105D52061184B00F2F3E2 /* ViewControllers */ = {
			isa = PBXGroup;
			children = (
				381105D62061185F00F2F3E2 /* CameraViewController.swift */,
			);
			path = ViewControllers;
			sourceTree = "<group>";
		};
		381105D82061186900F2F3E2 /* Helpers */ = {
			isa = PBXGroup;
			children = (
				381105D92061187B00F2F3E2 /* UIView+Extensions.swift */,
				387B5DA02066CE520037D692 /* UIImageView+Blur.swift */,
				387B5DAD2066E0F10037D692 /* UImageView+Exposure.swift */,
			);
			path = Helpers;
			sourceTree = "<group>";
		};
		381105DB2061188000F2F3E2 /* Controls */ = {
			isa = PBXGroup;
			children = (
				381105DC206118B100F2F3E2 /* RotaryWheelControl.swift */,
				381105DE206118DD00F2F3E2 /* LensRingControl.swift */,
			);
			path = Controls;
			sourceTree = "<group>";
		};
		381B6C8020617659009858DF /* Views */ = {
			isa = PBXGroup;
			children = (
				381B6C8120617680009858DF /* CameraSettingsView.swift */,
				381B6C8320617699009858DF /* MacbookView.swift */,
				387B5D9E2066C9730037D692 /* CameraScreenView.swift */,
			);
			path = Views;
			sourceTree = "<group>";
		};
		387B5DA32066D6D20037D692 /* Model */ = {
			isa = PBXGroup;
			children = (
				387B5DA42066D6E00037D692 /* ApetureModel.swift */,
				387B5DA82066D8560037D692 /* CameraSettingsModel.swift */,
				387B5DA62066D6E90037D692 /* ShutterSpeedModel.swift */,
			);
			path = Model;
			sourceTree = "<group>";
		};
		387B5DAA2066D8EC0037D692 /* Protocols */ = {
			isa = PBXGroup;
			children = (
				387B5DAB2066D97C0037D692 /* CameraParameterProtocol.swift */,
			);
			path = Protocols;
			sourceTree = "<group>";
		};
/* End PBXGroup section */

/* Begin PBXNativeTarget section */
		381105A3206117B000F2F3E2 /* SwiftCamMobile */ = {
			isa = PBXNativeTarget;
			buildConfigurationList = 381105CC206117B000F2F3E2 /* Build configuration list for PBXNativeTarget "SwiftCamMobile" */;
			buildPhases = (
				381105A0206117B000F2F3E2 /* Sources */,
				381105A1206117B000F2F3E2 /* Frameworks */,
				381105A2206117B000F2F3E2 /* Resources */,
			);
			buildRules = (
			);
			dependencies = (
			);
			name = SwiftCamMobile;
			productName = SwiftCamMobile;
			productReference = 381105A4206117B000F2F3E2 /* SwiftCamMobile.app */;
			productType = "com.apple.product-type.application";
		};
		381105B7206117B000F2F3E2 /* SwiftCamMobileTests */ = {
			isa = PBXNativeTarget;
			buildConfigurationList = 381105CF206117B000F2F3E2 /* Build configuration list for PBXNativeTarget "SwiftCamMobileTests" */;
			buildPhases = (
				381105B4206117B000F2F3E2 /* Sources */,
				381105B5206117B000F2F3E2 /* Frameworks */,
				381105B6206117B000F2F3E2 /* Resources */,
			);
			buildRules = (
			);
			dependencies = (
				381105BA206117B000F2F3E2 /* PBXTargetDependency */,
			);
			name = SwiftCamMobileTests;
			productName = SwiftCamMobileTests;
			productReference = 381105B8206117B000F2F3E2 /* SwiftCamMobileTests.xctest */;
			productType = "com.apple.product-type.bundle.unit-test";
		};
		381105C2206117B000F2F3E2 /* SwiftCamMobileUITests */ = {
			isa = PBXNativeTarget;
			buildConfigurationList = 381105D2206117B000F2F3E2 /* Build configuration list for PBXNativeTarget "SwiftCamMobileUITests" */;
			buildPhases = (
				381105BF206117B000F2F3E2 /* Sources */,
				381105C0206117B000F2F3E2 /* Frameworks */,
				381105C1206117B000F2F3E2 /* Resources */,
			);
			buildRules = (
			);
			dependencies = (
				381105C5206117B000F2F3E2 /* PBXTargetDependency */,
			);
			name = SwiftCamMobileUITests;
			productName = SwiftCamMobileUITests;
			productReference = 381105C3206117B000F2F3E2 /* SwiftCamMobileUITests.xctest */;
			productType = "com.apple.product-type.bundle.ui-testing";
		};
/* End PBXNativeTarget section */

/* Begin PBXProject section */
		3811059C206117B000F2F3E2 /* Project object */ = {
			isa = PBXProject;
			attributes = {
				LastSwiftUpdateCheck = 0920;
				LastUpgradeCheck = 0920;
				ORGANIZATIONNAME = "Filip Szukala";
				TargetAttributes = {
					381105A3206117B000F2F3E2 = {
						CreatedOnToolsVersion = 9.2;
						ProvisioningStyle = Automatic;
					};
					381105B7206117B000F2F3E2 = {
						CreatedOnToolsVersion = 9.2;
						ProvisioningStyle = Automatic;
						TestTargetID = 381105A3206117B000F2F3E2;
					};
					381105C2206117B000F2F3E2 = {
						CreatedOnToolsVersion = 9.2;
						ProvisioningStyle = Automatic;
						TestTargetID = 381105A3206117B000F2F3E2;
					};
				};
			};
			buildConfigurationList = 3811059F206117B000F2F3E2 /* Build configuration list for PBXProject "SwiftCamMobile" */;
			compatibilityVersion = "Xcode 8.0";
			developmentRegion = en;
			hasScannedForEncodings = 0;
			knownRegions = (
				en,
				Base,
			);
			mainGroup = 3811059B206117B000F2F3E2;
			productRefGroup = 381105A5206117B000F2F3E2 /* Products */;
			projectDirPath = "";
			projectRoot = "";
			targets = (
				381105A3206117B000F2F3E2 /* SwiftCamMobile */,
				381105B7206117B000F2F3E2 /* SwiftCamMobileTests */,
				381105C2206117B000F2F3E2 /* SwiftCamMobileUITests */,
			);
		};
/* End PBXProject section */

/* Begin PBXResourcesBuildPhase section */
		381105A2206117B000F2F3E2 /* Resources */ = {
			isa = PBXResourcesBuildPhase;
			buildActionMask = 2147483647;
			files = (
				381105B2206117B000F2F3E2 /* LaunchScreen.storyboard in Resources */,
				381105AF206117B000F2F3E2 /* Assets.xcassets in Resources */,
			);
			runOnlyForDeploymentPostprocessing = 0;
		};
		381105B6206117B000F2F3E2 /* Resources */ = {
			isa = PBXResourcesBuildPhase;
			buildActionMask = 2147483647;
			files = (
			);
			runOnlyForDeploymentPostprocessing = 0;
		};
		381105C1206117B000F2F3E2 /* Resources */ = {
			isa = PBXResourcesBuildPhase;
			buildActionMask = 2147483647;
			files = (
			);
			runOnlyForDeploymentPostprocessing = 0;
		};
/* End PBXResourcesBuildPhase section */

/* Begin PBXSourcesBuildPhase section */
		381105A0206117B000F2F3E2 /* Sources */ = {
			isa = PBXSourcesBuildPhase;
			buildActionMask = 2147483647;
			files = (
				381105A8206117B000F2F3E2 /* AppDelegate.swift in Sources */,
				381B6C8220617680009858DF /* CameraSettingsView.swift in Sources */,
				387B5D9F2066C9730037D692 /* CameraScreenView.swift in Sources */,
				387B5DA92066D8560037D692 /* CameraSettingsModel.swift in Sources */,
				381B6C8420617699009858DF /* MacbookView.swift in Sources */,
				387B5DA52066D6E00037D692 /* ApetureModel.swift in Sources */,
				387B5DAC2066D97C0037D692 /* CameraParameterProtocol.swift in Sources */,
				387B5DA12066CE520037D692 /* UIImageView+Blur.swift in Sources */,
				381105DD206118B100F2F3E2 /* RotaryWheelControl.swift in Sources */,
				387B5DA72066D6E90037D692 /* ShutterSpeedModel.swift in Sources */,
				381105DF206118DD00F2F3E2 /* LensRingControl.swift in Sources */,
				387B5DAE2066E0F10037D692 /* UImageView+Exposure.swift in Sources */,
				381105DA2061187B00F2F3E2 /* UIView+Extensions.swift in Sources */,
				381105D72061185F00F2F3E2 /* CameraViewController.swift in Sources */,
			);
			runOnlyForDeploymentPostprocessing = 0;
		};
		381105B4206117B000F2F3E2 /* Sources */ = {
			isa = PBXSourcesBuildPhase;
			buildActionMask = 2147483647;
			files = (
				381105BD206117B000F2F3E2 /* SwiftCamMobileTests.swift in Sources */,
			);
			runOnlyForDeploymentPostprocessing = 0;
		};
		381105BF206117B000F2F3E2 /* Sources */ = {
			isa = PBXSourcesBuildPhase;
			buildActionMask = 2147483647;
			files = (
				381105C8206117B000F2F3E2 /* SwiftCamMobileUITests.swift in Sources */,
			);
			runOnlyForDeploymentPostprocessing = 0;
		};
/* End PBXSourcesBuildPhase section */

/* Begin PBXTargetDependency section */
		381105BA206117B000F2F3E2 /* PBXTargetDependency */ = {
			isa = PBXTargetDependency;
			target = 381105A3206117B000F2F3E2 /* SwiftCamMobile */;
			targetProxy = 381105B9206117B000F2F3E2 /* PBXContainerItemProxy */;
		};
		381105C5206117B000F2F3E2 /* PBXTargetDependency */ = {
			isa = PBXTargetDependency;
			target = 381105A3206117B000F2F3E2 /* SwiftCamMobile */;
			targetProxy = 381105C4206117B000F2F3E2 /* PBXContainerItemProxy */;
		};
/* End PBXTargetDependency section */

/* Begin PBXVariantGroup section */
		381105B0206117B000F2F3E2 /* LaunchScreen.storyboard */ = {
			isa = PBXVariantGroup;
			children = (
				381105B1206117B000F2F3E2 /* Base */,
			);
			name = LaunchScreen.storyboard;
			sourceTree = "<group>";
		};
/* End PBXVariantGroup section */

/* Begin XCBuildConfiguration section */
		381105CA206117B000F2F3E2 /* Debug */ = {
			isa = XCBuildConfiguration;
			buildSettings = {
				ALWAYS_SEARCH_USER_PATHS = NO;
				CLANG_ANALYZER_NONNULL = YES;
				CLANG_ANALYZER_NUMBER_OBJECT_CONVERSION = YES_AGGRESSIVE;
				CLANG_CXX_LANGUAGE_STANDARD = "gnu++14";
				CLANG_CXX_LIBRARY = "libc++";
				CLANG_ENABLE_MODULES = YES;
				CLANG_ENABLE_OBJC_ARC = YES;
				CLANG_WARN_BLOCK_CAPTURE_AUTORELEASING = YES;
				CLANG_WARN_BOOL_CONVERSION = YES;
				CLANG_WARN_COMMA = YES;
				CLANG_WARN_CONSTANT_CONVERSION = YES;
				CLANG_WARN_DIRECT_OBJC_ISA_USAGE = YES_ERROR;
				CLANG_WARN_DOCUMENTATION_COMMENTS = YES;
				CLANG_WARN_EMPTY_BODY = YES;
				CLANG_WARN_ENUM_CONVERSION = YES;
				CLANG_WARN_INFINITE_RECURSION = YES;
				CLANG_WARN_INT_CONVERSION = YES;
				CLANG_WARN_NON_LITERAL_NULL_CONVERSION = YES;
				CLANG_WARN_OBJC_LITERAL_CONVERSION = YES;
				CLANG_WARN_OBJC_ROOT_CLASS = YES_ERROR;
				CLANG_WARN_RANGE_LOOP_ANALYSIS = YES;
				CLANG_WARN_STRICT_PROTOTYPES = YES;
				CLANG_WARN_SUSPICIOUS_MOVE = YES;
				CLANG_WARN_UNGUARDED_AVAILABILITY = YES_AGGRESSIVE;
				CLANG_WARN_UNREACHABLE_CODE = YES;
				CLANG_WARN__DUPLICATE_METHOD_MATCH = YES;
				CODE_SIGN_IDENTITY = "iPhone Developer";
				COPY_PHASE_STRIP = NO;
				DEBUG_INFORMATION_FORMAT = dwarf;
				ENABLE_STRICT_OBJC_MSGSEND = YES;
				ENABLE_TESTABILITY = YES;
				GCC_C_LANGUAGE_STANDARD = gnu11;
				GCC_DYNAMIC_NO_PIC = NO;
				GCC_NO_COMMON_BLOCKS = YES;
				GCC_OPTIMIZATION_LEVEL = 0;
				GCC_PREPROCESSOR_DEFINITIONS = (
					"DEBUG=1",
					"$(inherited)",
				);
				GCC_WARN_64_TO_32_BIT_CONVERSION = YES;
				GCC_WARN_ABOUT_RETURN_TYPE = YES_ERROR;
				GCC_WARN_UNDECLARED_SELECTOR = YES;
				GCC_WARN_UNINITIALIZED_AUTOS = YES_AGGRESSIVE;
				GCC_WARN_UNUSED_FUNCTION = YES;
				GCC_WARN_UNUSED_VARIABLE = YES;
				IPHONEOS_DEPLOYMENT_TARGET = 11.2;
				MTL_ENABLE_DEBUG_INFO = YES;
				ONLY_ACTIVE_ARCH = YES;
				SDKROOT = iphoneos;
				SWIFT_ACTIVE_COMPILATION_CONDITIONS = DEBUG;
				SWIFT_OPTIMIZATION_LEVEL = "-Onone";
			};
			name = Debug;
		};
		381105CB206117B000F2F3E2 /* Release */ = {
			isa = XCBuildConfiguration;
			buildSettings = {
				ALWAYS_SEARCH_USER_PATHS = NO;
				CLANG_ANALYZER_NONNULL = YES;
				CLANG_ANALYZER_NUMBER_OBJECT_CONVERSION = YES_AGGRESSIVE;
				CLANG_CXX_LANGUAGE_STANDARD = "gnu++14";
				CLANG_CXX_LIBRARY = "libc++";
				CLANG_ENABLE_MODULES = YES;
				CLANG_ENABLE_OBJC_ARC = YES;
				CLANG_WARN_BLOCK_CAPTURE_AUTORELEASING = YES;
				CLANG_WARN_BOOL_CONVERSION = YES;
				CLANG_WARN_COMMA = YES;
				CLANG_WARN_CONSTANT_CONVERSION = YES;
				CLANG_WARN_DIRECT_OBJC_ISA_USAGE = YES_ERROR;
				CLANG_WARN_DOCUMENTATION_COMMENTS = YES;
				CLANG_WARN_EMPTY_BODY = YES;
				CLANG_WARN_ENUM_CONVERSION = YES;
				CLANG_WARN_INFINITE_RECURSION = YES;
				CLANG_WARN_INT_CONVERSION = YES;
				CLANG_WARN_NON_LITERAL_NULL_CONVERSION = YES;
				CLANG_WARN_OBJC_LITERAL_CONVERSION = YES;
				CLANG_WARN_OBJC_ROOT_CLASS = YES_ERROR;
				CLANG_WARN_RANGE_LOOP_ANALYSIS = YES;
				CLANG_WARN_STRICT_PROTOTYPES = YES;
				CLANG_WARN_SUSPICIOUS_MOVE = YES;
				CLANG_WARN_UNGUARDED_AVAILABILITY = YES_AGGRESSIVE;
				CLANG_WARN_UNREACHABLE_CODE = YES;
				CLANG_WARN__DUPLICATE_METHOD_MATCH = YES;
				CODE_SIGN_IDENTITY = "iPhone Developer";
				COPY_PHASE_STRIP = NO;
				DEBUG_INFORMATION_FORMAT = "dwarf-with-dsym";
				ENABLE_NS_ASSERTIONS = NO;
				ENABLE_STRICT_OBJC_MSGSEND = YES;
				GCC_C_LANGUAGE_STANDARD = gnu11;
				GCC_NO_COMMON_BLOCKS = YES;
				GCC_WARN_64_TO_32_BIT_CONVERSION = YES;
				GCC_WARN_ABOUT_RETURN_TYPE = YES_ERROR;
				GCC_WARN_UNDECLARED_SELECTOR = YES;
				GCC_WARN_UNINITIALIZED_AUTOS = YES_AGGRESSIVE;
				GCC_WARN_UNUSED_FUNCTION = YES;
				GCC_WARN_UNUSED_VARIABLE = YES;
				IPHONEOS_DEPLOYMENT_TARGET = 11.2;
				MTL_ENABLE_DEBUG_INFO = NO;
				SDKROOT = iphoneos;
				SWIFT_OPTIMIZATION_LEVEL = "-Owholemodule";
				VALIDATE_PRODUCT = YES;
			};
			name = Release;
		};
		381105CD206117B000F2F3E2 /* Debug */ = {
			isa = XCBuildConfiguration;
			buildSettings = {
				ASSETCATALOG_COMPILER_APPICON_NAME = AppIcon;
				CODE_SIGN_STYLE = Automatic;
				DEVELOPMENT_TEAM = GN5RD5DNZH;
				INFOPLIST_FILE = SwiftCamMobile/Info.plist;
				LD_RUNPATH_SEARCH_PATHS = "$(inherited) @executable_path/Frameworks";
				PRODUCT_BUNDLE_IDENTIFIER = itm.SwiftCamMobile;
				PRODUCT_NAME = "$(TARGET_NAME)";
				SWIFT_VERSION = 4.0;
				TARGETED_DEVICE_FAMILY = "1,2";
			};
			name = Debug;
		};
		381105CE206117B000F2F3E2 /* Release */ = {
			isa = XCBuildConfiguration;
			buildSettings = {
				ASSETCATALOG_COMPILER_APPICON_NAME = AppIcon;
				CODE_SIGN_STYLE = Automatic;
				DEVELOPMENT_TEAM = GN5RD5DNZH;
				INFOPLIST_FILE = SwiftCamMobile/Info.plist;
				LD_RUNPATH_SEARCH_PATHS = "$(inherited) @executable_path/Frameworks";
				PRODUCT_BUNDLE_IDENTIFIER = itm.SwiftCamMobile;
				PRODUCT_NAME = "$(TARGET_NAME)";
				SWIFT_VERSION = 4.0;
				TARGETED_DEVICE_FAMILY = "1,2";
			};
			name = Release;
		};
		381105D0206117B000F2F3E2 /* Debug */ = {
			isa = XCBuildConfiguration;
			buildSettings = {
				ALWAYS_EMBED_SWIFT_STANDARD_LIBRARIES = YES;
				BUNDLE_LOADER = "$(TEST_HOST)";
				CODE_SIGN_STYLE = Automatic;
				INFOPLIST_FILE = SwiftCamMobileTests/Info.plist;
				LD_RUNPATH_SEARCH_PATHS = "$(inherited) @executable_path/Frameworks @loader_path/Frameworks";
				PRODUCT_BUNDLE_IDENTIFIER = itm.SwiftCamMobileTests;
				PRODUCT_NAME = "$(TARGET_NAME)";
				SWIFT_VERSION = 4.0;
				TARGETED_DEVICE_FAMILY = "1,2";
				TEST_HOST = "$(BUILT_PRODUCTS_DIR)/SwiftCamMobile.app/SwiftCamMobile";
			};
			name = Debug;
		};
		381105D1206117B000F2F3E2 /* Release */ = {
			isa = XCBuildConfiguration;
			buildSettings = {
				ALWAYS_EMBED_SWIFT_STANDARD_LIBRARIES = YES;
				BUNDLE_LOADER = "$(TEST_HOST)";
				CODE_SIGN_STYLE = Automatic;
				INFOPLIST_FILE = SwiftCamMobileTests/Info.plist;
				LD_RUNPATH_SEARCH_PATHS = "$(inherited) @executable_path/Frameworks @loader_path/Frameworks";
				PRODUCT_BUNDLE_IDENTIFIER = itm.SwiftCamMobileTests;
				PRODUCT_NAME = "$(TARGET_NAME)";
				SWIFT_VERSION = 4.0;
				TARGETED_DEVICE_FAMILY = "1,2";
				TEST_HOST = "$(BUILT_PRODUCTS_DIR)/SwiftCamMobile.app/SwiftCamMobile";
			};
			name = Release;
		};
		381105D3206117B000F2F3E2 /* Debug */ = {
			isa = XCBuildConfiguration;
			buildSettings = {
				ALWAYS_EMBED_SWIFT_STANDARD_LIBRARIES = YES;
				CODE_SIGN_STYLE = Automatic;
				INFOPLIST_FILE = SwiftCamMobileUITests/Info.plist;
				LD_RUNPATH_SEARCH_PATHS = "$(inherited) @executable_path/Frameworks @loader_path/Frameworks";
				PRODUCT_BUNDLE_IDENTIFIER = itm.SwiftCamMobileUITests;
				PRODUCT_NAME = "$(TARGET_NAME)";
				SWIFT_VERSION = 4.0;
				TARGETED_DEVICE_FAMILY = "1,2";
				TEST_TARGET_NAME = SwiftCamMobile;
			};
			name = Debug;
		};
		381105D4206117B000F2F3E2 /* Release */ = {
			isa = XCBuildConfiguration;
			buildSettings = {
				ALWAYS_EMBED_SWIFT_STANDARD_LIBRARIES = YES;
				CODE_SIGN_STYLE = Automatic;
				INFOPLIST_FILE = SwiftCamMobileUITests/Info.plist;
				LD_RUNPATH_SEARCH_PATHS = "$(inherited) @executable_path/Frameworks @loader_path/Frameworks";
				PRODUCT_BUNDLE_IDENTIFIER = itm.SwiftCamMobileUITests;
				PRODUCT_NAME = "$(TARGET_NAME)";
				SWIFT_VERSION = 4.0;
				TARGETED_DEVICE_FAMILY = "1,2";
				TEST_TARGET_NAME = SwiftCamMobile;
			};
			name = Release;
		};
/* End XCBuildConfiguration section */

/* Begin XCConfigurationList section */
		3811059F206117B000F2F3E2 /* Build configuration list for PBXProject "SwiftCamMobile" */ = {
			isa = XCConfigurationList;
			buildConfigurations = (
				381105CA206117B000F2F3E2 /* Debug */,
				381105CB206117B000F2F3E2 /* Release */,
			);
			defaultConfigurationIsVisible = 0;
			defaultConfigurationName = Release;
		};
		381105CC206117B000F2F3E2 /* Build configuration list for PBXNativeTarget "SwiftCamMobile" */ = {
			isa = XCConfigurationList;
			buildConfigurations = (
				381105CD206117B000F2F3E2 /* Debug */,
				381105CE206117B000F2F3E2 /* Release */,
			);
			defaultConfigurationIsVisible = 0;
			defaultConfigurationName = Release;
		};
		381105CF206117B000F2F3E2 /* Build configuration list for PBXNativeTarget "SwiftCamMobileTests" */ = {
			isa = XCConfigurationList;
			buildConfigurations = (
				381105D0206117B000F2F3E2 /* Debug */,
				381105D1206117B000F2F3E2 /* Release */,
			);
			defaultConfigurationIsVisible = 0;
			defaultConfigurationName = Release;
		};
		381105D2206117B000F2F3E2 /* Build configuration list for PBXNativeTarget "SwiftCamMobileUITests" */ = {
			isa = XCConfigurationList;
			buildConfigurations = (
				381105D3206117B000F2F3E2 /* Debug */,
				381105D4206117B000F2F3E2 /* Release */,
			);
			defaultConfigurationIsVisible = 0;
			defaultConfigurationName = Release;
		};
/* End XCConfigurationList section */
	};
	rootObject = 3811059C206117B000F2F3E2 /* Project object */;
}
